Microsoft Visual Studio Solution File, Format Version 12.00
# Visual Studio Version 17
VisualStudioVersion = 17.5.2.0
MinimumVisualStudioVersion = 10.0.40219.1
Project("{2150E333-8FDC-42A3-9474-1A3956D46DE8}") = "1.5", "1.5", "{6F24807B-C641-A9DD-496C-E7837935CBDA}"
EndProject
Project("{FAE04EC0-301F-11D3-BF4B-00C04F79EFBC}") = "notify", "1.5\Source\notify.csproj", "{0EA14B7E-68F4-54CC-78FC-C88033B4CABA}"
EndProject
Global
	GlobalSection(SolutionConfigurationPlatforms) = preSolution
		Debug|Any CPU = Debug|Any CPU
		Release|Any CPU = Release|Any CPU
	EndGlobalSection
	GlobalSection(ProjectConfigurationPlatforms) = postSolution
		{0EA14B7E-68F4-54CC-78FC-C88033B4CABA}.Debug|Any CPU.ActiveCfg = Debug|Any CPU
		{0EA14B7E-68F4-54CC-78FC-C88033B4CABA}.Debug|Any CPU.Build.0 = Debug|Any CPU
		{0EA14B7E-68F4-54CC-78FC-C88033B4CABA}.Release|Any CPU.ActiveCfg = Release|Any CPU
		{0EA14B7E-68F4-54CC-78FC-C88033B4CABA}.Release|Any CPU.Build.0 = Release|Any CPU
	EndGlobalSection
	GlobalSection(SolutionProperties) = preSolution
		HideSolutionNode = FALSE
	EndGlobalSection
	GlobalSection(NestedProjects) = preSolution
		{0EA14B7E-68F4-54CC-78FC-C88033B4CABA} = {6F24807B-C641-A9DD-496C-E7837935CBDA}
	EndGlobalSection
	GlobalSection(ExtensibilityGlobals) = postSolution
		SolutionGuid = {92661D34-5CB5-4B6D-BDC0-C18279847DE7}
	EndGlobalSection
EndGlobal
